// !$*UTF8*$!
{
	archiveVersion = 1;
	classes = {
	};
	objectVersion = 46;
	objects = {

/* Begin PBXBuildFile section */
		CE1D68331DFAE863004B40CE /* AppDelegate.swift in Sources */ = {isa = PBXBuildFile; fileRef = CE1D68321DFAE863004B40CE /* AppDelegate.swift */; };
		CE1D68351DFAE863004B40CE /* LoginViewController.swift in Sources */ = {isa = PBXBuildFile; fileRef = CE1D68341DFAE863004B40CE /* LoginViewController.swift */; };
		CE1D68381DFAE863004B40CE /* Main.storyboard in Resources */ = {isa = PBXBuildFile; fileRef = CE1D68361DFAE863004B40CE /* Main.storyboard */; };
		CE1D683A1DFAE863004B40CE /* Assets.xcassets in Resources */ = {isa = PBXBuildFile; fileRef = CE1D68391DFAE863004B40CE /* Assets.xcassets */; };
		CE1D683D1DFAE863004B40CE /* LaunchScreen.storyboard in Resources */ = {isa = PBXBuildFile; fileRef = CE1D683B1DFAE863004B40CE /* LaunchScreen.storyboard */; };
		CE1D68451DFB55B1004B40CE /* APIHelper.swift in Sources */ = {isa = PBXBuildFile; fileRef = CE1D68441DFB55B1004B40CE /* APIHelper.swift */; };
		CE1D68471DFEB718004B40CE /* GoogleService-Info.plist in Resources */ = {isa = PBXBuildFile; fileRef = CE1D68461DFEB718004B40CE /* GoogleService-Info.plist */; };
		CE1D684B1DFEC4B4004B40CE /* FavoritesViewController.swift in Sources */ = {isa = PBXBuildFile; fileRef = CE1D684A1DFEC4B4004B40CE /* FavoritesViewController.swift */; };
		CE1D684D1DFEC61E004B40CE /* SearchViewController.swift in Sources */ = {isa = PBXBuildFile; fileRef = CE1D684C1DFEC61E004B40CE /* SearchViewController.swift */; };
		CE1D684F1DFEC62A004B40CE /* ContactsViewController.swift in Sources */ = {isa = PBXBuildFile; fileRef = CE1D684E1DFEC62A004B40CE /* ContactsViewController.swift */; };
		CE1D68531DFECFBD004B40CE /* FireBaseHelper.swift in Sources */ = {isa = PBXBuildFile; fileRef = CE1D68521DFECFBD004B40CE /* FireBaseHelper.swift */; };
		CE1D68561DFEEE53004B40CE /* SearchTableViewCell.swift in Sources */ = {isa = PBXBuildFile; fileRef = CE1D68551DFEEE53004B40CE /* SearchTableViewCell.swift */; };
		CE1D68581DFF05D0004B40CE /* RemoteImageView.swift in Sources */ = {isa = PBXBuildFile; fileRef = CE1D68571DFF05D0004B40CE /* RemoteImageView.swift */; };
		CE1D685A1DFF0910004B40CE /* PictureViewController.swift in Sources */ = {isa = PBXBuildFile; fileRef = CE1D68591DFF0910004B40CE /* PictureViewController.swift */; };
		CE6C000E1E03321000E590D4 /* ContactsTableViewCell.swift in Sources */ = {isa = PBXBuildFile; fileRef = CE6C000D1E03321000E590D4 /* ContactsTableViewCell.swift */; };
		CE6C00101E0336B800E590D4 /* SignUpViewController.swift in Sources */ = {isa = PBXBuildFile; fileRef = CE6C000F1E0336B800E590D4 /* SignUpViewController.swift */; };
		CE6C00121E03504100E590D4 /* AlertExtension.swift in Sources */ = {isa = PBXBuildFile; fileRef = CE6C00111E03504100E590D4 /* AlertExtension.swift */; };
		CE6C00141E03692A00E590D4 /* SettingsViewController.swift in Sources */ = {isa = PBXBuildFile; fileRef = CE6C00131E03692A00E590D4 /* SettingsViewController.swift */; };
		CE7351431DFF3E770071A2BE /* FavoritesTableViewCell.swift in Sources */ = {isa = PBXBuildFile; fileRef = CE7351421DFF3E770071A2BE /* FavoritesTableViewCell.swift */; };
		CED552E91E0413CA0068C6B2 /* ContactsFavoritesViewController.swift in Sources */ = {isa = PBXBuildFile; fileRef = CED552E81E0413CA0068C6B2 /* ContactsFavoritesViewController.swift */; };
		CED552EB1E0413F80068C6B2 /* ContactsFavoritesTableViewCell.swift in Sources */ = {isa = PBXBuildFile; fileRef = CED552EA1E0413F80068C6B2 /* ContactsFavoritesTableViewCell.swift */; };
		CED552F11E0497970068C6B2 /* HideKeyboardExtension.swift in Sources */ = {isa = PBXBuildFile; fileRef = CED552F01E0497970068C6B2 /* HideKeyboardExtension.swift */; };
		D06AB39C793B72805D5830E5 /* Pods_thomaskamps_pset6.framework in Frameworks */ = {isa = PBXBuildFile; fileRef = EECB0673100A11CD7C195C66 /* Pods_thomaskamps_pset6.framework */; };
/* End PBXBuildFile section */

/* Begin PBXFileReference section */
		172E1D5AACFB0BBE081B5610 /* Pods-thomaskamps-pset6.debug.xcconfig */ = {isa = PBXFileReference; includeInIndex = 1; lastKnownFileType = text.xcconfig; name = "Pods-thomaskamps-pset6.debug.xcconfig"; path = "Pods/Target Support Files/Pods-thomaskamps-pset6/Pods-thomaskamps-pset6.debug.xcconfig"; sourceTree = "<group>"; };
		807ABF4F448B1AFEDCE9E840 /* Pods-thomaskamps-pset6.release.xcconfig */ = {isa = PBXFileReference; includeInIndex = 1; lastKnownFileType = text.xcconfig; name = "Pods-thomaskamps-pset6.release.xcconfig"; path = "Pods/Target Support Files/Pods-thomaskamps-pset6/Pods-thomaskamps-pset6.release.xcconfig"; sourceTree = "<group>"; };
		CE1D682F1DFAE863004B40CE /* thomaskamps-pset6.app */ = {isa = PBXFileReference; explicitFileType = wrapper.application; includeInIndex = 0; path = "thomaskamps-pset6.app"; sourceTree = BUILT_PRODUCTS_DIR; };
		CE1D68321DFAE863004B40CE /* AppDelegate.swift */ = {isa = PBXFileReference; lastKnownFileType = sourcecode.swift; path = AppDelegate.swift; sourceTree = "<group>"; };
		CE1D68341DFAE863004B40CE /* LoginViewController.swift */ = {isa = PBXFileReference; lastKnownFileType = sourcecode.swift; path = LoginViewController.swift; sourceTree = "<group>"; };
		CE1D68371DFAE863004B40CE /* Base */ = {isa = PBXFileReference; lastKnownFileType = file.storyboard; name = Base; path = Base.lproj/Main.storyboard; sourceTree = "<group>"; };
		CE1D68391DFAE863004B40CE /* Assets.xcassets */ = {isa = PBXFileReference; lastKnownFileType = folder.assetcatalog; path = Assets.xcassets; sourceTree = "<group>"; };
		CE1D683C1DFAE863004B40CE /* Base */ = {isa = PBXFileReference; lastKnownFileType = file.storyboard; name = Base; path = Base.lproj/LaunchScreen.storyboard; sourceTree = "<group>"; };
		CE1D683E1DFAE863004B40CE /* Info.plist */ = {isa = PBXFileReference; lastKnownFileType = text.plist.xml; path = Info.plist; sourceTree = "<group>"; };
		CE1D68441DFB55B1004B40CE /* APIHelper.swift */ = {isa = PBXFileReference; fileEncoding = 4; lastKnownFileType = sourcecode.swift; path = APIHelper.swift; sourceTree = "<group>"; };
		CE1D68461DFEB718004B40CE /* GoogleService-Info.plist */ = {isa = PBXFileReference; fileEncoding = 4; lastKnownFileType = text.plist.xml; path = "GoogleService-Info.plist"; sourceTree = "<group>"; };
		CE1D684A1DFEC4B4004B40CE /* FavoritesViewController.swift */ = {isa = PBXFileReference; fileEncoding = 4; lastKnownFileType = sourcecode.swift; path = FavoritesViewController.swift; sourceTree = "<group>"; };
		CE1D684C1DFEC61E004B40CE /* SearchViewController.swift */ = {isa = PBXFileReference; fileEncoding = 4; lastKnownFileType = sourcecode.swift; path = SearchViewController.swift; sourceTree = "<group>"; };
		CE1D684E1DFEC62A004B40CE /* ContactsViewController.swift */ = {isa = PBXFileReference; fileEncoding = 4; lastKnownFileType = sourcecode.swift; path = ContactsViewController.swift; sourceTree = "<group>"; };
		CE1D68521DFECFBD004B40CE /* FireBaseHelper.swift */ = {isa = PBXFileReference; fileEncoding = 4; lastKnownFileType = sourcecode.swift; path = FireBaseHelper.swift; sourceTree = "<group>"; };
		CE1D68541DFED3CA004B40CE /* thomaskamps-pset6.entitlements */ = {isa = PBXFileReference; lastKnownFileType = text.plist.entitlements; path = "thomaskamps-pset6.entitlements"; sourceTree = "<group>"; };
		CE1D68551DFEEE53004B40CE /* SearchTableViewCell.swift */ = {isa = PBXFileReference; fileEncoding = 4; lastKnownFileType = sourcecode.swift; path = SearchTableViewCell.swift; sourceTree = "<group>"; };
		CE1D68571DFF05D0004B40CE /* RemoteImageView.swift */ = {isa = PBXFileReference; fileEncoding = 4; lastKnownFileType = sourcecode.swift; path = RemoteImageView.swift; sourceTree = "<group>"; };
		CE1D68591DFF0910004B40CE /* PictureViewController.swift */ = {isa = PBXFileReference; fileEncoding = 4; lastKnownFileType = sourcecode.swift; path = PictureViewController.swift; sourceTree = "<group>"; };
		CE6C000D1E03321000E590D4 /* ContactsTableViewCell.swift */ = {isa = PBXFileReference; fileEncoding = 4; lastKnownFileType = sourcecode.swift; path = ContactsTableViewCell.swift; sourceTree = "<group>"; };
		CE6C000F1E0336B800E590D4 /* SignUpViewController.swift */ = {isa = PBXFileReference; fileEncoding = 4; lastKnownFileType = sourcecode.swift; path = SignUpViewController.swift; sourceTree = "<group>"; };
		CE6C00111E03504100E590D4 /* AlertExtension.swift */ = {isa = PBXFileReference; fileEncoding = 4; lastKnownFileType = sourcecode.swift; path = AlertExtension.swift; sourceTree = "<group>"; };
		CE6C00131E03692A00E590D4 /* SettingsViewController.swift */ = {isa = PBXFileReference; fileEncoding = 4; lastKnownFileType = sourcecode.swift; path = SettingsViewController.swift; sourceTree = "<group>"; };
		CE7351421DFF3E770071A2BE /* FavoritesTableViewCell.swift */ = {isa = PBXFileReference; fileEncoding = 4; lastKnownFileType = sourcecode.swift; path = FavoritesTableViewCell.swift; sourceTree = "<group>"; };
		CED552E81E0413CA0068C6B2 /* ContactsFavoritesViewController.swift */ = {isa = PBXFileReference; fileEncoding = 4; lastKnownFileType = sourcecode.swift; path = ContactsFavoritesViewController.swift; sourceTree = "<group>"; };
		CED552EA1E0413F80068C6B2 /* ContactsFavoritesTableViewCell.swift */ = {isa = PBXFileReference; fileEncoding = 4; lastKnownFileType = sourcecode.swift; path = ContactsFavoritesTableViewCell.swift; sourceTree = "<group>"; };
		CED552F01E0497970068C6B2 /* HideKeyboardExtension.swift */ = {isa = PBXFileReference; fileEncoding = 4; lastKnownFileType = sourcecode.swift; path = HideKeyboardExtension.swift; sourceTree = "<group>"; };
		EECB0673100A11CD7C195C66 /* Pods_thomaskamps_pset6.framework */ = {isa = PBXFileReference; explicitFileType = wrapper.framework; includeInIndex = 0; path = Pods_thomaskamps_pset6.framework; sourceTree = BUILT_PRODUCTS_DIR; };
/* End PBXFileReference section */

/* Begin PBXFrameworksBuildPhase section */
		CE1D682C1DFAE863004B40CE /* Frameworks */ = {
			isa = PBXFrameworksBuildPhase;
			buildActionMask = 2147483647;
			files = (
				D06AB39C793B72805D5830E5 /* Pods_thomaskamps_pset6.framework in Frameworks */,
			);
			runOnlyForDeploymentPostprocessing = 0;
		};
/* End PBXFrameworksBuildPhase section */

/* Begin PBXGroup section */
		335AEA7AC4D9A1384784C737 /* Frameworks */ = {
			isa = PBXGroup;
			children = (
				EECB0673100A11CD7C195C66 /* Pods_thomaskamps_pset6.framework */,
			);
			name = Frameworks;
			sourceTree = "<group>";
		};
		CE1D68261DFAE862004B40CE = {
			isa = PBXGroup;
			children = (
				CE1D68311DFAE863004B40CE /* thomaskamps-pset6 */,
				CE1D68301DFAE863004B40CE /* Products */,
				E0F82E4C4C9715404AA8D11A /* Pods */,
				335AEA7AC4D9A1384784C737 /* Frameworks */,
			);
			sourceTree = "<group>";
		};
		CE1D68301DFAE863004B40CE /* Products */ = {
			isa = PBXGroup;
			children = (
				CE1D682F1DFAE863004B40CE /* thomaskamps-pset6.app */,
			);
			name = Products;
			sourceTree = "<group>";
		};
		CE1D68311DFAE863004B40CE /* thomaskamps-pset6 */ = {
			isa = PBXGroup;
			children = (
				CE1D685B1DFF11BD004B40CE /* ViewControllers */,
				CE1D68541DFED3CA004B40CE /* thomaskamps-pset6.entitlements */,
				CE1D68321DFAE863004B40CE /* AppDelegate.swift */,
				CE1D68441DFB55B1004B40CE /* APIHelper.swift */,
				CE1D68521DFECFBD004B40CE /* FireBaseHelper.swift */,
				CED552ED1E0415620068C6B2 /* TableViewCells */,
				CE1D68361DFAE863004B40CE /* Main.storyboard */,
				CED552F01E0497970068C6B2 /* HideKeyboardExtension.swift */,
				CE1D68571DFF05D0004B40CE /* RemoteImageView.swift */,
				CE6C00111E03504100E590D4 /* AlertExtension.swift */,
				CE1D68391DFAE863004B40CE /* Assets.xcassets */,
				CE1D683B1DFAE863004B40CE /* LaunchScreen.storyboard */,
				CE1D683E1DFAE863004B40CE /* Info.plist */,
				CE1D68461DFEB718004B40CE /* GoogleService-Info.plist */,
			);
			path = "thomaskamps-pset6";
			sourceTree = "<group>";
		};
		CE1D685B1DFF11BD004B40CE /* ViewControllers */ = {
			isa = PBXGroup;
			children = (
				CED552E81E0413CA0068C6B2 /* ContactsFavoritesViewController.swift */,
				CE6C00131E03692A00E590D4 /* SettingsViewController.swift */,
				CE6C000F1E0336B800E590D4 /* SignUpViewController.swift */,
				CE1D684A1DFEC4B4004B40CE /* FavoritesViewController.swift */,
				CE1D68341DFAE863004B40CE /* LoginViewController.swift */,
				CE1D68591DFF0910004B40CE /* PictureViewController.swift */,
				CE1D684C1DFEC61E004B40CE /* SearchViewController.swift */,
				CE1D684E1DFEC62A004B40CE /* ContactsViewController.swift */,
			);
			name = ViewControllers;
			sourceTree = "<group>";
		};
		CED552ED1E0415620068C6B2 /* TableViewCells */ = {
			isa = PBXGroup;
			children = (
				CED552EA1E0413F80068C6B2 /* ContactsFavoritesTableViewCell.swift */,
				CE6C000D1E03321000E590D4 /* ContactsTableViewCell.swift */,
				CE7351421DFF3E770071A2BE /* FavoritesTableViewCell.swift */,
				CE1D68551DFEEE53004B40CE /* SearchTableViewCell.swift */,
			);
			name = TableViewCells;
			sourceTree = "<group>";
		};
		E0F82E4C4C9715404AA8D11A /* Pods */ = {
			isa = PBXGroup;
			children = (
				172E1D5AACFB0BBE081B5610 /* Pods-thomaskamps-pset6.debug.xcconfig */,
				807ABF4F448B1AFEDCE9E840 /* Pods-thomaskamps-pset6.release.xcconfig */,
			);
			name = Pods;
			sourceTree = "<group>";
		};
/* End PBXGroup section */

/* Begin PBXNativeTarget section */
		CE1D682E1DFAE863004B40CE /* thomaskamps-pset6 */ = {
			isa = PBXNativeTarget;
			buildConfigurationList = CE1D68411DFAE863004B40CE /* Build configuration list for PBXNativeTarget "thomaskamps-pset6" */;
			buildPhases = (
				187D5E6400F1DD5738502F9A /* [CP] Check Pods Manifest.lock */,
				CE1D682B1DFAE863004B40CE /* Sources */,
				CE1D682C1DFAE863004B40CE /* Frameworks */,
				CE1D682D1DFAE863004B40CE /* Resources */,
				11BD54E3ADF97E8DB0BBB444 /* [CP] Embed Pods Frameworks */,
				66E9D892E335886ED4A702B4 /* [CP] Copy Pods Resources */,
			);
			buildRules = (
			);
			dependencies = (
			);
			name = "thomaskamps-pset6";
			productName = "thomaskamps-pset6";
			productReference = CE1D682F1DFAE863004B40CE /* thomaskamps-pset6.app */;
			productType = "com.apple.product-type.application";
		};
/* End PBXNativeTarget section */

/* Begin PBXProject section */
		CE1D68271DFAE863004B40CE /* Project object */ = {
			isa = PBXProject;
			attributes = {
				LastSwiftUpdateCheck = 0810;
				LastUpgradeCheck = 0810;
				ORGANIZATIONNAME = "Thomas Kamps";
				TargetAttributes = {
					CE1D682E1DFAE863004B40CE = {
						CreatedOnToolsVersion = 8.1;
						DevelopmentTeam = 4W94L64SGM;
						ProvisioningStyle = Automatic;
						SystemCapabilities = {
							com.apple.Keychain = {
								enabled = 1;
							};
						};
					};
				};
			};
			buildConfigurationList = CE1D682A1DFAE863004B40CE /* Build configuration list for PBXProject "thomaskamps-pset6" */;
			compatibilityVersion = "Xcode 3.2";
			developmentRegion = English;
			hasScannedForEncodings = 0;
			knownRegions = (
				en,
				Base,
			);
			mainGroup = CE1D68261DFAE862004B40CE;
			productRefGroup = CE1D68301DFAE863004B40CE /* Products */;
			projectDirPath = "";
			projectRoot = "";
			targets = (
				CE1D682E1DFAE863004B40CE /* thomaskamps-pset6 */,
			);
		};
/* End PBXProject section */

/* Begin PBXResourcesBuildPhase section */
		CE1D682D1DFAE863004B40CE /* Resources */ = {
			isa = PBXResourcesBuildPhase;
			buildActionMask = 2147483647;
			files = (
				CE1D683D1DFAE863004B40CE /* LaunchScreen.storyboard in Resources */,
				CE1D68471DFEB718004B40CE /* GoogleService-Info.plist in Resources */,
				CE1D683A1DFAE863004B40CE /* Assets.xcassets in Resources */,
				CE1D68381DFAE863004B40CE /* Main.storyboard in Resources */,
			);
			runOnlyForDeploymentPostprocessing = 0;
		};
/* End PBXResourcesBuildPhase section */

/* Begin PBXShellScriptBuildPhase section */
		11BD54E3ADF97E8DB0BBB444 /* [CP] Embed Pods Frameworks */ = {
			isa = PBXShellScriptBuildPhase;
			buildActionMask = 2147483647;
			files = (
			);
			inputPaths = (
			);
			name = "[CP] Embed Pods Frameworks";
			outputPaths = (
			);
			runOnlyForDeploymentPostprocessing = 0;
			shellPath = /bin/sh;
			shellScript = "\"${SRCROOT}/Pods/Target Support Files/Pods-thomaskamps-pset6/Pods-thomaskamps-pset6-frameworks.sh\"\n";
			showEnvVarsInLog = 0;
		};
		187D5E6400F1DD5738502F9A /* [CP] Check Pods Manifest.lock */ = {
			isa = PBXShellScriptBuildPhase;
			buildActionMask = 2147483647;
			files = (
			);
			inputPaths = (
			);
			name = "[CP] Check Pods Manifest.lock";
			outputPaths = (
			);
			runOnlyForDeploymentPostprocessing = 0;
			shellPath = /bin/sh;
			shellScript = "diff \"${PODS_ROOT}/../Podfile.lock\" \"${PODS_ROOT}/Manifest.lock\" > /dev/null\nif [ $? != 0 ] ; then\n    # print error to STDERR\n    echo \"error: The sandbox is not in sync with the Podfile.lock. Run 'pod install' or update your CocoaPods installation.\" >&2\n    exit 1\nfi\n";
			showEnvVarsInLog = 0;
		};
		66E9D892E335886ED4A702B4 /* [CP] Copy Pods Resources */ = {
			isa = PBXShellScriptBuildPhase;
			buildActionMask = 2147483647;
			files = (
			);
			inputPaths = (
			);
			name = "[CP] Copy Pods Resources";
			outputPaths = (
			);
			runOnlyForDeploymentPostprocessing = 0;
			shellPath = /bin/sh;
			shellScript = "\"${SRCROOT}/Pods/Target Support Files/Pods-thomaskamps-pset6/Pods-thomaskamps-pset6-resources.sh\"\n";
			showEnvVarsInLog = 0;
		};
/* End PBXShellScriptBuildPhase section */

/* Begin PBXSourcesBuildPhase section */
		CE1D682B1DFAE863004B40CE /* Sources */ = {
			isa = PBXSourcesBuildPhase;
			buildActionMask = 2147483647;
			files = (
				CED552E91E0413CA0068C6B2 /* ContactsFavoritesViewController.swift in Sources */,
				CE6C000E1E03321000E590D4 /* ContactsTableViewCell.swift in Sources */,
				CE1D684D1DFEC61E004B40CE /* SearchViewController.swift in Sources */,
				CE1D685A1DFF0910004B40CE /* PictureViewController.swift in Sources */,
				CED552EB1E0413F80068C6B2 /* ContactsFavoritesTableViewCell.swift in Sources */,
				CE1D684F1DFEC62A004B40CE /* ContactsViewController.swift in Sources */,
				CE6C00121E03504100E590D4 /* AlertExtension.swift in Sources */,
				CE1D68451DFB55B1004B40CE /* APIHelper.swift in Sources */,
				CE6C00141E03692A00E590D4 /* SettingsViewController.swift in Sources */,
				CE1D68531DFECFBD004B40CE /* FireBaseHelper.swift in Sources */,
				CE1D68581DFF05D0004B40CE /* RemoteImageView.swift in Sources */,
				CE1D68351DFAE863004B40CE /* LoginViewController.swift in Sources */,
				CE6C00101E0336B800E590D4 /* SignUpViewController.swift in Sources */,
				CE1D684B1DFEC4B4004B40CE /* FavoritesViewController.swift in Sources */,
				CED552F11E0497970068C6B2 /* HideKeyboardExtension.swift in Sources */,
				CE7351431DFF3E770071A2BE /* FavoritesTableViewCell.swift in Sources */,
				CE1D68331DFAE863004B40CE /* AppDelegate.swift in Sources */,
				CE1D68561DFEEE53004B40CE /* SearchTableViewCell.swift in Sources */,
			);
			runOnlyForDeploymentPostprocessing = 0;
		};
/* End PBXSourcesBuildPhase section */

/* Begin PBXVariantGroup section */
		CE1D68361DFAE863004B40CE /* Main.storyboard */ = {
			isa = PBXVariantGroup;
			children = (
				CE1D68371DFAE863004B40CE /* Base */,
			);
			name = Main.storyboard;
			sourceTree = "<group>";
		};
		CE1D683B1DFAE863004B40CE /* LaunchScreen.storyboard */ = {
			isa = PBXVariantGroup;
			children = (
				CE1D683C1DFAE863004B40CE /* Base */,
			);
			name = LaunchScreen.storyboard;
			sourceTree = "<group>";
		};
/* End PBXVariantGroup section */

/* Begin XCBuildConfiguration section */
		CE1D683F1DFAE863004B40CE /* Debug */ = {
			isa = XCBuildConfiguration;
			buildSettings = {
				ALWAYS_SEARCH_USER_PATHS = NO;
				CLANG_ANALYZER_NONNULL = YES;
				CLANG_CXX_LANGUAGE_STANDARD = "gnu++0x";
				CLANG_CXX_LIBRARY = "libc++";
				CLANG_ENABLE_MODULES = YES;
				CLANG_ENABLE_OBJC_ARC = YES;
				CLANG_WARN_BOOL_CONVERSION = YES;
				CLANG_WARN_CONSTANT_CONVERSION = YES;
				CLANG_WARN_DIRECT_OBJC_ISA_USAGE = YES_ERROR;
				CLANG_WARN_DOCUMENTATION_COMMENTS = YES;
				CLANG_WARN_EMPTY_BODY = YES;
				CLANG_WARN_ENUM_CONVERSION = YES;
				CLANG_WARN_INFINITE_RECURSION = YES;
				CLANG_WARN_INT_CONVERSION = YES;
				CLANG_WARN_OBJC_ROOT_CLASS = YES_ERROR;
				CLANG_WARN_SUSPICIOUS_MOVES = YES;
				CLANG_WARN_UNREACHABLE_CODE = YES;
				CLANG_WARN__DUPLICATE_METHOD_MATCH = YES;
				"CODE_SIGN_IDENTITY[sdk=iphoneos*]" = "iPhone Developer";
				COPY_PHASE_STRIP = NO;
				DEBUG_INFORMATION_FORMAT = dwarf;
				ENABLE_STRICT_OBJC_MSGSEND = YES;
				ENABLE_TESTABILITY = YES;
				GCC_C_LANGUAGE_STANDARD = gnu99;
				GCC_DYNAMIC_NO_PIC = NO;
				GCC_NO_COMMON_BLOCKS = YES;
				GCC_OPTIMIZATION_LEVEL = 0;
				GCC_PREPROCESSOR_DEFINITIONS = (
					"DEBUG=1",
					"$(inherited)",
				);
				GCC_WARN_64_TO_32_BIT_CONVERSION = YES;
				GCC_WARN_ABOUT_RETURN_TYPE = YES_ERROR;
				GCC_WARN_UNDECLARED_SELECTOR = YES;
				GCC_WARN_UNINITIALIZED_AUTOS = YES_AGGRESSIVE;
				GCC_WARN_UNUSED_FUNCTION = YES;
				GCC_WARN_UNUSED_VARIABLE = YES;
				IPHONEOS_DEPLOYMENT_TARGET = 10.1;
				MTL_ENABLE_DEBUG_INFO = YES;
				ONLY_ACTIVE_ARCH = YES;
				SDKROOT = iphoneos;
				SWIFT_ACTIVE_COMPILATION_CONDITIONS = DEBUG;
				SWIFT_OPTIMIZATION_LEVEL = "-Onone";
				TARGETED_DEVICE_FAMILY = "1,2";
			};
			name = Debug;
		};
		CE1D68401DFAE863004B40CE /* Release */ = {
			isa = XCBuildConfiguration;
			buildSettings = {
				ALWAYS_SEARCH_USER_PATHS = NO;
				CLANG_ANALYZER_NONNULL = YES;
				CLANG_CXX_LANGUAGE_STANDARD = "gnu++0x";
				CLANG_CXX_LIBRARY = "libc++";
				CLANG_ENABLE_MODULES = YES;
				CLANG_ENABLE_OBJC_ARC = YES;
				CLANG_WARN_BOOL_CONVERSION = YES;
				CLANG_WARN_CONSTANT_CONVERSION = YES;
				CLANG_WARN_DIRECT_OBJC_ISA_USAGE = YES_ERROR;
				CLANG_WARN_DOCUMENTATION_COMMENTS = YES;
				CLANG_WARN_EMPTY_BODY = YES;
				CLANG_WARN_ENUM_CONVERSION = YES;
				CLANG_WARN_INFINITE_RECURSION = YES;
				CLANG_WARN_INT_CONVERSION = YES;
				CLANG_WARN_OBJC_ROOT_CLASS = YES_ERROR;
				CLANG_WARN_SUSPICIOUS_MOVES = YES;
				CLANG_WARN_UNREACHABLE_CODE = YES;
				CLANG_WARN__DUPLICATE_METHOD_MATCH = YES;
				"CODE_SIGN_IDENTITY[sdk=iphoneos*]" = "iPhone Developer";
				COPY_PHASE_STRIP = NO;
				DEBUG_INFORMATION_FORMAT = "dwarf-with-dsym";
				ENABLE_NS_ASSERTIONS = NO;
				ENABLE_STRICT_OBJC_MSGSEND = YES;
				GCC_C_LANGUAGE_STANDARD = gnu99;
				GCC_NO_COMMON_BLOCKS = YES;
				GCC_WARN_64_TO_32_BIT_CONVERSION = YES;
				GCC_WARN_ABOUT_RETURN_TYPE = YES_ERROR;
				GCC_WARN_UNDECLARED_SELECTOR = YES;
				GCC_WARN_UNINITIALIZED_AUTOS = YES_AGGRESSIVE;
				GCC_WARN_UNUSED_FUNCTION = YES;
				GCC_WARN_UNUSED_VARIABLE = YES;
				IPHONEOS_DEPLOYMENT_TARGET = 10.1;
				MTL_ENABLE_DEBUG_INFO = NO;
				SDKROOT = iphoneos;
				SWIFT_OPTIMIZATION_LEVEL = "-Owholemodule";
				TARGETED_DEVICE_FAMILY = "1,2";
				VALIDATE_PRODUCT = YES;
			};
			name = Release;
		};
		CE1D68421DFAE863004B40CE /* Debug */ = {
			isa = XCBuildConfiguration;
			baseConfigurationReference = 172E1D5AACFB0BBE081B5610 /* Pods-thomaskamps-pset6.debug.xcconfig */;
			buildSettings = {
				ASSETCATALOG_COMPILER_APPICON_NAME = AppIcon;
				CODE_SIGN_ENTITLEMENTS = "thomaskamps-pset6/thomaskamps-pset6.entitlements";
				DEVELOPMENT_TEAM = 4W94L64SGM;
				INFOPLIST_FILE = "thomaskamps-pset6/Info.plist";
				IPHONEOS_DEPLOYMENT_TARGET = 9.2;
				LD_RUNPATH_SEARCH_PATHS = "$(inherited) @executable_path/Frameworks";
				PRODUCT_BUNDLE_IDENTIFIER = "thomaskamps.thomaskamps-pset6";
				PRODUCT_NAME = "$(TARGET_NAME)";
				SWIFT_VERSION = 3.0;
			};
			name = Debug;
		};
		CE1D68431DFAE863004B40CE /* Release */ = {
			isa = XCBuildConfiguration;
			baseConfigurationReference = 807ABF4F448B1AFEDCE9E840 /* Pods-thomaskamps-pset6.release.xcconfig */;
			buildSettings = {
				ASSETCATALOG_COMPILER_APPICON_NAME = AppIcon;
				CODE_SIGN_ENTITLEMENTS = "thomaskamps-pset6/thomaskamps-pset6.entitlements";
				DEVELOPMENT_TEAM = 4W94L64SGM;
				INFOPLIST_FILE = "thomaskamps-pset6/Info.plist";
				IPHONEOS_DEPLOYMENT_TARGET = 9.2;
				LD_RUNPATH_SEARCH_PATHS = "$(inherited) @executable_path/Frameworks";
				PRODUCT_BUNDLE_IDENTIFIER = "thomaskamps.thomaskamps-pset6";
				PRODUCT_NAME = "$(TARGET_NAME)";
				SWIFT_VERSION = 3.0;
			};
			name = Release;
		};
/* End XCBuildConfiguration section */

/* Begin XCConfigurationList section */
		CE1D682A1DFAE863004B40CE /* Build configuration list for PBXProject "thomaskamps-pset6" */ = {
			isa = XCConfigurationList;
			buildConfigurations = (
				CE1D683F1DFAE863004B40CE /* Debug */,
				CE1D68401DFAE863004B40CE /* Release */,
			);
			defaultConfigurationIsVisible = 0;
			defaultConfigurationName = Release;
		};
		CE1D68411DFAE863004B40CE /* Build configuration list for PBXNativeTarget "thomaskamps-pset6" */ = {
			isa = XCConfigurationList;
			buildConfigurations = (
				CE1D68421DFAE863004B40CE /* Debug */,
				CE1D68431DFAE863004B40CE /* Release */,
			);
			defaultConfigurationIsVisible = 0;
			defaultConfigurationName = Release;
		};
/* End XCConfigurationList section */
	};
	rootObject = CE1D68271DFAE863004B40CE /* Project object */;
}
